
Microsoft Visual Studio Solution File, Format Version 12.00
# Visual Studio Version 17
VisualStudioVersion = 17.13.35931.197 d17.13
MinimumVisualStudioVersion = 10.0.40219.1
Project("{FAE04EC0-301F-11D3-BF4B-00C04F79EFBC}") = "AccountManagementApi", "AccountManagementApi\AccountManagementApi.csproj", "{0BB459AC-C344-42B5-86A4-50FBCA292BA0}"
EndProject
Project("{2150E333-8FDC-42A3-9474-1A3956D46DE8}") = "Src", "Src", "{02EA681E-C7D8-13C7-8484-4AC65E1B71E8}"
EndProject
Project("{D954291E-2A0B-460D-934E-DC6B0785DB48}") = "AccountManagementApiShare", "Src\AccountManagementApiShare\AccountManagementApiShare.shproj", "{740D72CF-BEA8-4700-AAE8-2D81010347E9}"
EndProject
Project("{FAE04EC0-301F-11D3-BF4B-00C04F79EFBC}") = "AccountManagementApi90", "Src\AccountManagementApi90\AccountManagementApi90.csproj", "{DCD2B36C-ED4A-4759-8BB6-0D60F87FF961}"
EndProject
Project("{FAE04EC0-301F-11D3-BF4B-00C04F79EFBC}") = "AccountManagementApi80", "Src\AccountManagementApi80\AccountManagementApi80.csproj", "{8348DA32-EBC2-4E3F-83AC-D19AC5371F2D}"
EndProject
Global
	GlobalSection(SolutionConfigurationPlatforms) = preSolution
		Debug|Any CPU = Debug|Any CPU
		Release|Any CPU = Release|Any CPU
	EndGlobalSection
	GlobalSection(ProjectConfigurationPlatforms) = postSolution
		{0BB459AC-C344-42B5-86A4-50FBCA292BA0}.Debug|Any CPU.ActiveCfg = Debug|Any CPU
		{0BB459AC-C344-42B5-86A4-50FBCA292BA0}.Debug|Any CPU.Build.0 = Debug|Any CPU
		{0BB459AC-C344-42B5-86A4-50FBCA292BA0}.Release|Any CPU.ActiveCfg = Release|Any CPU
		{0BB459AC-C344-42B5-86A4-50FBCA292BA0}.Release|Any CPU.Build.0 = Release|Any CPU
		{DCD2B36C-ED4A-4759-8BB6-0D60F87FF961}.Debug|Any CPU.ActiveCfg = Debug|Any CPU
		{DCD2B36C-ED4A-4759-8BB6-0D60F87FF961}.Debug|Any CPU.Build.0 = Debug|Any CPU
		{DCD2B36C-ED4A-4759-8BB6-0D60F87FF961}.Release|Any CPU.ActiveCfg = Release|Any CPU
		{DCD2B36C-ED4A-4759-8BB6-0D60F87FF961}.Release|Any CPU.Build.0 = Release|Any CPU
		{8348DA32-EBC2-4E3F-83AC-D19AC5371F2D}.Debug|Any CPU.ActiveCfg = Debug|Any CPU
		{8348DA32-EBC2-4E3F-83AC-D19AC5371F2D}.Debug|Any CPU.Build.0 = Debug|Any CPU
		{8348DA32-EBC2-4E3F-83AC-D19AC5371F2D}.Release|Any CPU.ActiveCfg = Release|Any CPU
		{8348DA32-EBC2-4E3F-83AC-D19AC5371F2D}.Release|Any CPU.Build.0 = Release|Any CPU
	EndGlobalSection
	GlobalSection(SolutionProperties) = preSolution
		HideSolutionNode = FALSE
	EndGlobalSection
	GlobalSection(NestedProjects) = preSolution
		{740D72CF-BEA8-4700-AAE8-2D81010347E9} = {02EA681E-C7D8-13C7-8484-4AC65E1B71E8}
		{DCD2B36C-ED4A-4759-8BB6-0D60F87FF961} = {02EA681E-C7D8-13C7-8484-4AC65E1B71E8}
		{8348DA32-EBC2-4E3F-83AC-D19AC5371F2D} = {02EA681E-C7D8-13C7-8484-4AC65E1B71E8}
	EndGlobalSection
	GlobalSection(ExtensibilityGlobals) = postSolution
		SolutionGuid = {3BC760E0-625A-491C-9C87-3D077A92062D}
	EndGlobalSection
	GlobalSection(SharedMSBuildProjectFiles) = preSolution
		Src\AccountManagementApiShare\AccountManagementApiShare.projitems*{740d72cf-bea8-4700-aae8-2d81010347e9}*SharedItemsImports = 13
		Src\AccountManagementApiShare\AccountManagementApiShare.projitems*{8348da32-ebc2-4e3f-83ac-d19ac5371f2d}*SharedItemsImports = 5
		Src\AccountManagementApiShare\AccountManagementApiShare.projitems*{dcd2b36c-ed4a-4759-8bb6-0d60f87ff961}*SharedItemsImports = 5
	EndGlobalSection
EndGlobal
